{
  "name": "js_tutorial",
  "lockfileVersion": 2,
  "requires": true,
  "packages": {
    "": {
      "dependencies": {
        "ken-palindrome": "^0.2.0"
      }
    },
    "node_modules/ken-palindrome": {
      "version": "0.2.0",
      "resolved": "https://registry.npmjs.org/ken-palindrome/-/ken-palindrome-0.2.0.tgz",
      "integrity": "sha512-Jks77765NfKKqYugGmYwoV5zzgAqeXvFwcPtg8ukYVIiaFpg+phY50kU/2ClmgRi74r37H/29uT1LOGCocdCFw=="
    }
  },
  "dependencies": {
    "ken-palindrome": {
      "version": "0.2.0",
      "resolved": "https://registry.npmjs.org/ken-palindrome/-/ken-palindrome-0.2.0.tgz",
      "integrity": "sha512-Jks77765NfKKqYugGmYwoV5zzgAqeXvFwcPtg8ukYVIiaFpg+phY50kU/2ClmgRi74r37H/29uT1LOGCocdCFw=="
    }
  }
}
